
Microsoft Visual Studio Solution File, Format Version 12.00
# Visual Studio Version 17
VisualStudioVersion = 17.7.34003.232
MinimumVisualStudioVersion = 10.0.40219.1
Project("{9A19103F-16F7-4668-BE54-9A1E7A4F7556}") = "VentasNet", "VentasNet\VentasNet.csproj", "{A24A0C25-4848-445E-A0D4-23DB01F345A4}"
EndProject
Project("{9A19103F-16F7-4668-BE54-9A1E7A4F7556}") = "VentasNet.Entity", "VentasNet.Entity\VentasNet.Entity.csproj", "{C552B34D-EBB2-43B9-869B-564F3521CA02}"
EndProject
Project("{9A19103F-16F7-4668-BE54-9A1E7A4F7556}") = "VentasNet.Infra", "VentasNet.Infra\VentasNet.Infra.csproj", "{E9D8F785-BD68-4964-867A-E5A43E9A52A3}"
EndProject
Global
	GlobalSection(SolutionConfigurationPlatforms) = preSolution
		Debug|Any CPU = Debug|Any CPU
		Release|Any CPU = Release|Any CPU
	EndGlobalSection
	GlobalSection(ProjectConfigurationPlatforms) = postSolution
		{A24A0C25-4848-445E-A0D4-23DB01F345A4}.Debug|Any CPU.ActiveCfg = Debug|Any CPU
		{A24A0C25-4848-445E-A0D4-23DB01F345A4}.Debug|Any CPU.Build.0 = Debug|Any CPU
		{A24A0C25-4848-445E-A0D4-23DB01F345A4}.Release|Any CPU.ActiveCfg = Release|Any CPU
		{A24A0C25-4848-445E-A0D4-23DB01F345A4}.Release|Any CPU.Build.0 = Release|Any CPU
		{C552B34D-EBB2-43B9-869B-564F3521CA02}.Debug|Any CPU.ActiveCfg = Debug|Any CPU
		{C552B34D-EBB2-43B9-869B-564F3521CA02}.Debug|Any CPU.Build.0 = Debug|Any CPU
		{C552B34D-EBB2-43B9-869B-564F3521CA02}.Release|Any CPU.ActiveCfg = Release|Any CPU
		{C552B34D-EBB2-43B9-869B-564F3521CA02}.Release|Any CPU.Build.0 = Release|Any CPU
		{E9D8F785-BD68-4964-867A-E5A43E9A52A3}.Debug|Any CPU.ActiveCfg = Debug|Any CPU
		{E9D8F785-BD68-4964-867A-E5A43E9A52A3}.Debug|Any CPU.Build.0 = Debug|Any CPU
		{E9D8F785-BD68-4964-867A-E5A43E9A52A3}.Release|Any CPU.ActiveCfg = Release|Any CPU
		{E9D8F785-BD68-4964-867A-E5A43E9A52A3}.Release|Any CPU.Build.0 = Release|Any CPU
	EndGlobalSection
	GlobalSection(SolutionProperties) = preSolution
		HideSolutionNode = FALSE
	EndGlobalSection
	GlobalSection(ExtensibilityGlobals) = postSolution
		SolutionGuid = {8D225941-C7C3-4E86-A5FB-719A95DD88D4}
	EndGlobalSection
EndGlobal
